
Microsoft Visual Studio Solution File, Format Version 12.00
# Visual Studio Version 17
VisualStudioVersion = 17.8.34322.80
MinimumVisualStudioVersion = 10.0.40219.1
Project("{9A19103F-16F7-4668-BE54-9A1E7A4F7556}") = "ChallengeApp2", "ChallengeApp2\ChallengeApp2.csproj", "{08EB7DBA-F750-48DA-8211-EBC93C714FF0}"
EndProject
Project("{FAE04EC0-301F-11D3-BF4B-00C04F79EFBC}") = "ChallengeApp.Tests", "ChallengeApp-2.0.Tests\ChallengeApp.Tests.csproj", "{4CCCF0E2-51A4-4DDA-B124-9685CE1E299A}"
EndProject
Global
	GlobalSection(SolutionConfigurationPlatforms) = preSolution
		Debug|Any CPU = Debug|Any CPU
		Release|Any CPU = Release|Any CPU
	EndGlobalSection
	GlobalSection(ProjectConfigurationPlatforms) = postSolution
		{08EB7DBA-F750-48DA-8211-EBC93C714FF0}.Debug|Any CPU.ActiveCfg = Debug|Any CPU
		{08EB7DBA-F750-48DA-8211-EBC93C714FF0}.Debug|Any CPU.Build.0 = Debug|Any CPU
		{08EB7DBA-F750-48DA-8211-EBC93C714FF0}.Release|Any CPU.ActiveCfg = Release|Any CPU
		{08EB7DBA-F750-48DA-8211-EBC93C714FF0}.Release|Any CPU.Build.0 = Release|Any CPU
		{4CCCF0E2-51A4-4DDA-B124-9685CE1E299A}.Debug|Any CPU.ActiveCfg = Debug|Any CPU
		{4CCCF0E2-51A4-4DDA-B124-9685CE1E299A}.Debug|Any CPU.Build.0 = Debug|Any CPU
		{4CCCF0E2-51A4-4DDA-B124-9685CE1E299A}.Release|Any CPU.ActiveCfg = Release|Any CPU
		{4CCCF0E2-51A4-4DDA-B124-9685CE1E299A}.Release|Any CPU.Build.0 = Release|Any CPU
	EndGlobalSection
	GlobalSection(SolutionProperties) = preSolution
		HideSolutionNode = FALSE
	EndGlobalSection
	GlobalSection(ExtensibilityGlobals) = postSolution
		SolutionGuid = {59BE8C37-E6AC-46FC-A211-165EEE39349F}
	EndGlobalSection
EndGlobal
